
Microsoft Visual Studio Solution File, Format Version 12.00
# Visual Studio Version 16
VisualStudioVersion = 16.0.30114.105
MinimumVisualStudioVersion = 10.0.40219.1
Project("{9A19103F-16F7-4668-BE54-9A1E7A4F7556}") = "SortedNumbersAPI", "SortedNumbersAPI.csproj", "{9F4F5BF6-9818-4113-8463-D21A4313C23A}"
EndProject
Project("{FAE04EC0-301F-11D3-BF4B-00C04F79EFBC}") = "SortedNumbers.UnitTest", "..\SortedNumbers.UnitTest\SortedNumbers.UnitTest.csproj", "{D1308248-09AC-4231-B8E7-DB0EF5A6CF3A}"
EndProject
Global
	GlobalSection(SolutionConfigurationPlatforms) = preSolution
		Debug|Any CPU = Debug|Any CPU
		Release|Any CPU = Release|Any CPU
	EndGlobalSection
	GlobalSection(ProjectConfigurationPlatforms) = postSolution
		{9F4F5BF6-9818-4113-8463-D21A4313C23A}.Debug|Any CPU.ActiveCfg = Debug|Any CPU
		{9F4F5BF6-9818-4113-8463-D21A4313C23A}.Debug|Any CPU.Build.0 = Debug|Any CPU
		{9F4F5BF6-9818-4113-8463-D21A4313C23A}.Release|Any CPU.ActiveCfg = Release|Any CPU
		{9F4F5BF6-9818-4113-8463-D21A4313C23A}.Release|Any CPU.Build.0 = Release|Any CPU
		{D1308248-09AC-4231-B8E7-DB0EF5A6CF3A}.Debug|Any CPU.ActiveCfg = Debug|Any CPU
		{D1308248-09AC-4231-B8E7-DB0EF5A6CF3A}.Debug|Any CPU.Build.0 = Debug|Any CPU
		{D1308248-09AC-4231-B8E7-DB0EF5A6CF3A}.Release|Any CPU.ActiveCfg = Release|Any CPU
		{D1308248-09AC-4231-B8E7-DB0EF5A6CF3A}.Release|Any CPU.Build.0 = Release|Any CPU
	EndGlobalSection
	GlobalSection(SolutionProperties) = preSolution
		HideSolutionNode = FALSE
	EndGlobalSection
	GlobalSection(ExtensibilityGlobals) = postSolution
		SolutionGuid = {2DBFE29B-EA1D-4017-921D-DA8E203D6327}
	EndGlobalSection
EndGlobal
